
Microsoft Visual Studio Solution File, Format Version 12.00
# Visual Studio Version 17
VisualStudioVersion = 17.0.31903.59
MinimumVisualStudioVersion = 10.0.40219.1
Project("{2150E333-8FDC-42A3-9474-1A3956D46DE8}") = "src", "src", "{827E0CD3-B72D-47B6-A68D-7590B98EB39B}"
EndProject
Project("{2150E333-8FDC-42A3-9474-1A3956D46DE8}") = "tests", "tests", "{7510F2BF-A32A-4C79-B005-E75CBEC15452}"
EndProject
Project("{FAE04EC0-301F-11D3-BF4B-00C04F79EFBC}") = "Api", "src\Api\Api.csproj", "{5AC42645-F07F-49A9-9C52-A8B832D25BB6}"
EndProject
Project("{FAE04EC0-301F-11D3-BF4B-00C04F79EFBC}") = "Application", "src\Application\Application.csproj", "{FDD01B4D-1BE8-4E4E-9932-83B2672888C9}"
EndProject
Project("{FAE04EC0-301F-11D3-BF4B-00C04F79EFBC}") = "Domain", "src\Domain\Domain.csproj", "{34EA14A4-2710-4E36-BF9D-B030ACACAC0B}"
EndProject
Project("{FAE04EC0-301F-11D3-BF4B-00C04F79EFBC}") = "Infrastructure", "src\Infrastructure\Infrastructure.csproj", "{ABFEED77-FFC7-4F7C-B576-EF09D09BCA43}"
EndProject
Project("{FAE04EC0-301F-11D3-BF4B-00C04F79EFBC}") = "UnitTests", "tests\UnitTests\UnitTests.csproj", "{5F5DA996-7224-48D9-AF46-DFFA3665A4A3}"
EndProject
Project("{FAE04EC0-301F-11D3-BF4B-00C04F79EFBC}") = "IntegrationTests", "tests\IntegrationTests\IntegrationTests.csproj", "{DB4F6436-B47B-4EFB-816D-1FF4C4AC159A}"
EndProject
Project("{FAE04EC0-301F-11D3-BF4B-00C04F79EFBC}") = "ArchitectureTests", "tests\ArchitectureTests\ArchitectureTests.csproj", "{B0F53E1A-76BE-4B2D-A423-F2AC41158B09}"
EndProject
Global
	GlobalSection(SolutionConfigurationPlatforms) = preSolution
		Debug|Any CPU = Debug|Any CPU
		Debug|x64 = Debug|x64
		Debug|x86 = Debug|x86
		Release|Any CPU = Release|Any CPU
		Release|x64 = Release|x64
		Release|x86 = Release|x86
	EndGlobalSection
	GlobalSection(ProjectConfigurationPlatforms) = postSolution
		{5AC42645-F07F-49A9-9C52-A8B832D25BB6}.Debug|Any CPU.ActiveCfg = Debug|Any CPU
		{5AC42645-F07F-49A9-9C52-A8B832D25BB6}.Debug|Any CPU.Build.0 = Debug|Any CPU
		{5AC42645-F07F-49A9-9C52-A8B832D25BB6}.Debug|x64.ActiveCfg = Debug|Any CPU
		{5AC42645-F07F-49A9-9C52-A8B832D25BB6}.Debug|x64.Build.0 = Debug|Any CPU
		{5AC42645-F07F-49A9-9C52-A8B832D25BB6}.Debug|x86.ActiveCfg = Debug|Any CPU
		{5AC42645-F07F-49A9-9C52-A8B832D25BB6}.Debug|x86.Build.0 = Debug|Any CPU
		{5AC42645-F07F-49A9-9C52-A8B832D25BB6}.Release|Any CPU.ActiveCfg = Release|Any CPU
		{5AC42645-F07F-49A9-9C52-A8B832D25BB6}.Release|Any CPU.Build.0 = Release|Any CPU
		{5AC42645-F07F-49A9-9C52-A8B832D25BB6}.Release|x64.ActiveCfg = Release|Any CPU
		{5AC42645-F07F-49A9-9C52-A8B832D25BB6}.Release|x64.Build.0 = Release|Any CPU
		{5AC42645-F07F-49A9-9C52-A8B832D25BB6}.Release|x86.ActiveCfg = Release|Any CPU
		{5AC42645-F07F-49A9-9C52-A8B832D25BB6}.Release|x86.Build.0 = Release|Any CPU
		{FDD01B4D-1BE8-4E4E-9932-83B2672888C9}.Debug|Any CPU.ActiveCfg = Debug|Any CPU
		{FDD01B4D-1BE8-4E4E-9932-83B2672888C9}.Debug|Any CPU.Build.0 = Debug|Any CPU
		{FDD01B4D-1BE8-4E4E-9932-83B2672888C9}.Debug|x64.ActiveCfg = Debug|Any CPU
		{FDD01B4D-1BE8-4E4E-9932-83B2672888C9}.Debug|x64.Build.0 = Debug|Any CPU
		{FDD01B4D-1BE8-4E4E-9932-83B2672888C9}.Debug|x86.ActiveCfg = Debug|Any CPU
		{FDD01B4D-1BE8-4E4E-9932-83B2672888C9}.Debug|x86.Build.0 = Debug|Any CPU
		{FDD01B4D-1BE8-4E4E-9932-83B2672888C9}.Release|Any CPU.ActiveCfg = Release|Any CPU
		{FDD01B4D-1BE8-4E4E-9932-83B2672888C9}.Release|Any CPU.Build.0 = Release|Any CPU
		{FDD01B4D-1BE8-4E4E-9932-83B2672888C9}.Release|x64.ActiveCfg = Release|Any CPU
		{FDD01B4D-1BE8-4E4E-9932-83B2672888C9}.Release|x64.Build.0 = Release|Any CPU
		{FDD01B4D-1BE8-4E4E-9932-83B2672888C9}.Release|x86.ActiveCfg = Release|Any CPU
		{FDD01B4D-1BE8-4E4E-9932-83B2672888C9}.Release|x86.Build.0 = Release|Any CPU
		{34EA14A4-2710-4E36-BF9D-B030ACACAC0B}.Debug|Any CPU.ActiveCfg = Debug|Any CPU
		{34EA14A4-2710-4E36-BF9D-B030ACACAC0B}.Debug|Any CPU.Build.0 = Debug|Any CPU
		{34EA14A4-2710-4E36-BF9D-B030ACACAC0B}.Debug|x64.ActiveCfg = Debug|Any CPU
		{34EA14A4-2710-4E36-BF9D-B030ACACAC0B}.Debug|x64.Build.0 = Debug|Any CPU
		{34EA14A4-2710-4E36-BF9D-B030ACACAC0B}.Debug|x86.ActiveCfg = Debug|Any CPU
		{34EA14A4-2710-4E36-BF9D-B030ACACAC0B}.Debug|x86.Build.0 = Debug|Any CPU
		{34EA14A4-2710-4E36-BF9D-B030ACACAC0B}.Release|Any CPU.ActiveCfg = Release|Any CPU
		{34EA14A4-2710-4E36-BF9D-B030ACACAC0B}.Release|Any CPU.Build.0 = Release|Any CPU
		{34EA14A4-2710-4E36-BF9D-B030ACACAC0B}.Release|x64.ActiveCfg = Release|Any CPU
		{34EA14A4-2710-4E36-BF9D-B030ACACAC0B}.Release|x64.Build.0 = Release|Any CPU
		{34EA14A4-2710-4E36-BF9D-B030ACACAC0B}.Release|x86.ActiveCfg = Release|Any CPU
		{34EA14A4-2710-4E36-BF9D-B030ACACAC0B}.Release|x86.Build.0 = Release|Any CPU
		{ABFEED77-FFC7-4F7C-B576-EF09D09BCA43}.Debug|Any CPU.ActiveCfg = Debug|Any CPU
		{ABFEED77-FFC7-4F7C-B576-EF09D09BCA43}.Debug|Any CPU.Build.0 = Debug|Any CPU
		{ABFEED77-FFC7-4F7C-B576-EF09D09BCA43}.Debug|x64.ActiveCfg = Debug|Any CPU
		{ABFEED77-FFC7-4F7C-B576-EF09D09BCA43}.Debug|x64.Build.0 = Debug|Any CPU
		{ABFEED77-FFC7-4F7C-B576-EF09D09BCA43}.Debug|x86.ActiveCfg = Debug|Any CPU
		{ABFEED77-FFC7-4F7C-B576-EF09D09BCA43}.Debug|x86.Build.0 = Debug|Any CPU
		{ABFEED77-FFC7-4F7C-B576-EF09D09BCA43}.Release|Any CPU.ActiveCfg = Release|Any CPU
		{ABFEED77-FFC7-4F7C-B576-EF09D09BCA43}.Release|Any CPU.Build.0 = Release|Any CPU
		{ABFEED77-FFC7-4F7C-B576-EF09D09BCA43}.Release|x64.ActiveCfg = Release|Any CPU
		{ABFEED77-FFC7-4F7C-B576-EF09D09BCA43}.Release|x64.Build.0 = Release|Any CPU
		{ABFEED77-FFC7-4F7C-B576-EF09D09BCA43}.Release|x86.ActiveCfg = Release|Any CPU
		{ABFEED77-FFC7-4F7C-B576-EF09D09BCA43}.Release|x86.Build.0 = Release|Any CPU
		{5F5DA996-7224-48D9-AF46-DFFA3665A4A3}.Debug|Any CPU.ActiveCfg = Debug|Any CPU
		{5F5DA996-7224-48D9-AF46-DFFA3665A4A3}.Debug|Any CPU.Build.0 = Debug|Any CPU
		{5F5DA996-7224-48D9-AF46-DFFA3665A4A3}.Debug|x64.ActiveCfg = Debug|Any CPU
		{5F5DA996-7224-48D9-AF46-DFFA3665A4A3}.Debug|x64.Build.0 = Debug|Any CPU
		{5F5DA996-7224-48D9-AF46-DFFA3665A4A3}.Debug|x86.ActiveCfg = Debug|Any CPU
		{5F5DA996-7224-48D9-AF46-DFFA3665A4A3}.Debug|x86.Build.0 = Debug|Any CPU
		{5F5DA996-7224-48D9-AF46-DFFA3665A4A3}.Release|Any CPU.ActiveCfg = Release|Any CPU
		{5F5DA996-7224-48D9-AF46-DFFA3665A4A3}.Release|Any CPU.Build.0 = Release|Any CPU
		{5F5DA996-7224-48D9-AF46-DFFA3665A4A3}.Release|x64.ActiveCfg = Release|Any CPU
		{5F5DA996-7224-48D9-AF46-DFFA3665A4A3}.Release|x64.Build.0 = Release|Any CPU
		{5F5DA996-7224-48D9-AF46-DFFA3665A4A3}.Release|x86.ActiveCfg = Release|Any CPU
		{5F5DA996-7224-48D9-AF46-DFFA3665A4A3}.Release|x86.Build.0 = Release|Any CPU
		{DB4F6436-B47B-4EFB-816D-1FF4C4AC159A}.Debug|Any CPU.ActiveCfg = Debug|Any CPU
		{DB4F6436-B47B-4EFB-816D-1FF4C4AC159A}.Debug|Any CPU.Build.0 = Debug|Any CPU
		{DB4F6436-B47B-4EFB-816D-1FF4C4AC159A}.Debug|x64.ActiveCfg = Debug|Any CPU
		{DB4F6436-B47B-4EFB-816D-1FF4C4AC159A}.Debug|x64.Build.0 = Debug|Any CPU
		{DB4F6436-B47B-4EFB-816D-1FF4C4AC159A}.Debug|x86.ActiveCfg = Debug|Any CPU
		{DB4F6436-B47B-4EFB-816D-1FF4C4AC159A}.Debug|x86.Build.0 = Debug|Any CPU
		{DB4F6436-B47B-4EFB-816D-1FF4C4AC159A}.Release|Any CPU.ActiveCfg = Release|Any CPU
		{DB4F6436-B47B-4EFB-816D-1FF4C4AC159A}.Release|Any CPU.Build.0 = Release|Any CPU
		{DB4F6436-B47B-4EFB-816D-1FF4C4AC159A}.Release|x64.ActiveCfg = Release|Any CPU
		{DB4F6436-B47B-4EFB-816D-1FF4C4AC159A}.Release|x64.Build.0 = Release|Any CPU
		{DB4F6436-B47B-4EFB-816D-1FF4C4AC159A}.Release|x86.ActiveCfg = Release|Any CPU
		{DB4F6436-B47B-4EFB-816D-1FF4C4AC159A}.Release|x86.Build.0 = Release|Any CPU
		{B0F53E1A-76BE-4B2D-A423-F2AC41158B09}.Debug|Any CPU.ActiveCfg = Debug|Any CPU
		{B0F53E1A-76BE-4B2D-A423-F2AC41158B09}.Debug|Any CPU.Build.0 = Debug|Any CPU
		{B0F53E1A-76BE-4B2D-A423-F2AC41158B09}.Debug|x64.ActiveCfg = Debug|Any CPU
		{B0F53E1A-76BE-4B2D-A423-F2AC41158B09}.Debug|x64.Build.0 = Debug|Any CPU
		{B0F53E1A-76BE-4B2D-A423-F2AC41158B09}.Debug|x86.ActiveCfg = Debug|Any CPU
		{B0F53E1A-76BE-4B2D-A423-F2AC41158B09}.Debug|x86.Build.0 = Debug|Any CPU
		{B0F53E1A-76BE-4B2D-A423-F2AC41158B09}.Release|Any CPU.ActiveCfg = Release|Any CPU
		{B0F53E1A-76BE-4B2D-A423-F2AC41158B09}.Release|Any CPU.Build.0 = Release|Any CPU
		{B0F53E1A-76BE-4B2D-A423-F2AC41158B09}.Release|x64.ActiveCfg = Release|Any CPU
		{B0F53E1A-76BE-4B2D-A423-F2AC41158B09}.Release|x64.Build.0 = Release|Any CPU
		{B0F53E1A-76BE-4B2D-A423-F2AC41158B09}.Release|x86.ActiveCfg = Release|Any CPU
		{B0F53E1A-76BE-4B2D-A423-F2AC41158B09}.Release|x86.Build.0 = Release|Any CPU
	EndGlobalSection
	GlobalSection(SolutionProperties) = preSolution
		HideSolutionNode = FALSE
	EndGlobalSection
	GlobalSection(NestedProjects) = preSolution
		{5AC42645-F07F-49A9-9C52-A8B832D25BB6} = {827E0CD3-B72D-47B6-A68D-7590B98EB39B}
		{FDD01B4D-1BE8-4E4E-9932-83B2672888C9} = {827E0CD3-B72D-47B6-A68D-7590B98EB39B}
		{34EA14A4-2710-4E36-BF9D-B030ACACAC0B} = {827E0CD3-B72D-47B6-A68D-7590B98EB39B}
		{ABFEED77-FFC7-4F7C-B576-EF09D09BCA43} = {827E0CD3-B72D-47B6-A68D-7590B98EB39B}
		{5F5DA996-7224-48D9-AF46-DFFA3665A4A3} = {7510F2BF-A32A-4C79-B005-E75CBEC15452}
		{DB4F6436-B47B-4EFB-816D-1FF4C4AC159A} = {7510F2BF-A32A-4C79-B005-E75CBEC15452}
		{B0F53E1A-76BE-4B2D-A423-F2AC41158B09} = {7510F2BF-A32A-4C79-B005-E75CBEC15452}
	EndGlobalSection
EndGlobal
